// !$*UTF8*$!
{
	archiveVersion = 1;
	classes = {
	};
	objectVersion = 48;
	objects = {

/* Begin PBXBuildFile section */
		4425FC3338959C38F8D071A0 /* Pods_NSAttributedString_Example.framework in Frameworks */ = {isa = PBXBuildFile; fileRef = 81EB4B5D584CD2488A03F05A /* Pods_NSAttributedString_Example.framework */; };
		A6281AFA1FD2D04A00543611 /* AppDelegate.swift in Sources */ = {isa = PBXBuildFile; fileRef = A6281AF91FD2D04A00543611 /* AppDelegate.swift */; };
		A6281AFC1FD2D04A00543611 /* ViewController.swift in Sources */ = {isa = PBXBuildFile; fileRef = A6281AFB1FD2D04A00543611 /* ViewController.swift */; };
		A6281AFF1FD2D04A00543611 /* Main.storyboard in Resources */ = {isa = PBXBuildFile; fileRef = A6281AFD1FD2D04A00543611 /* Main.storyboard */; };
		A6281B011FD2D04A00543611 /* Assets.xcassets in Resources */ = {isa = PBXBuildFile; fileRef = A6281B001FD2D04A00543611 /* Assets.xcassets */; };
		A6281B041FD2D04A00543611 /* LaunchScreen.storyboard in Resources */ = {isa = PBXBuildFile; fileRef = A6281B021FD2D04A00543611 /* LaunchScreen.storyboard */; };
		A6281B0C1FD2D0AD00543611 /* String+NSAttributedString.swift in Sources */ = {isa = PBXBuildFile; fileRef = A6281B0B1FD2D0AD00543611 /* String+NSAttributedString.swift */; };
		A6281B0E1FD2D76800543611 /* LabelScreen.swift in Sources */ = {isa = PBXBuildFile; fileRef = A6281B0D1FD2D76800543611 /* LabelScreen.swift */; };
		A6281B101FD2D94000543611 /* MockHTMLText.swift in Sources */ = {isa = PBXBuildFile; fileRef = A6281B0F1FD2D94000543611 /* MockHTMLText.swift */; };
/* End PBXBuildFile section */

/* Begin PBXFileReference section */
		0793BD51EA864376B77E7071 /* Pods-NSAttributedString Example.release.xcconfig */ = {isa = PBXFileReference; includeInIndex = 1; lastKnownFileType = text.xcconfig; name = "Pods-NSAttributedString Example.release.xcconfig"; path = "Pods/Target Support Files/Pods-NSAttributedString Example/Pods-NSAttributedString Example.release.xcconfig"; sourceTree = "<group>"; };
		3DB6978B4DBC2AA131FD80B5 /* Pods-NSAttributedString Example.debug.xcconfig */ = {isa = PBXFileReference; includeInIndex = 1; lastKnownFileType = text.xcconfig; name = "Pods-NSAttributedString Example.debug.xcconfig"; path = "Pods/Target Support Files/Pods-NSAttributedString Example/Pods-NSAttributedString Example.debug.xcconfig"; sourceTree = "<group>"; };
		81EB4B5D584CD2488A03F05A /* Pods_NSAttributedString_Example.framework */ = {isa = PBXFileReference; explicitFileType = wrapper.framework; includeInIndex = 0; path = Pods_NSAttributedString_Example.framework; sourceTree = BUILT_PRODUCTS_DIR; };
		A6281AF61FD2D04A00543611 /* NSAttributedString Example.app */ = {isa = PBXFileReference; explicitFileType = wrapper.application; includeInIndex = 0; path = "NSAttributedString Example.app"; sourceTree = BUILT_PRODUCTS_DIR; };
		A6281AF91FD2D04A00543611 /* AppDelegate.swift */ = {isa = PBXFileReference; lastKnownFileType = sourcecode.swift; path = AppDelegate.swift; sourceTree = "<group>"; };
		A6281AFB1FD2D04A00543611 /* ViewController.swift */ = {isa = PBXFileReference; lastKnownFileType = sourcecode.swift; path = ViewController.swift; sourceTree = "<group>"; };
		A6281AFE1FD2D04A00543611 /* Base */ = {isa = PBXFileReference; lastKnownFileType = file.storyboard; name = Base; path = Base.lproj/Main.storyboard; sourceTree = "<group>"; };
		A6281B001FD2D04A00543611 /* Assets.xcassets */ = {isa = PBXFileReference; lastKnownFileType = folder.assetcatalog; path = Assets.xcassets; sourceTree = "<group>"; };
		A6281B031FD2D04A00543611 /* Base */ = {isa = PBXFileReference; lastKnownFileType = file.storyboard; name = Base; path = Base.lproj/LaunchScreen.storyboard; sourceTree = "<group>"; };
		A6281B051FD2D04A00543611 /* Info.plist */ = {isa = PBXFileReference; lastKnownFileType = text.plist.xml; path = Info.plist; sourceTree = "<group>"; };
		A6281B0B1FD2D0AD00543611 /* String+NSAttributedString.swift */ = {isa = PBXFileReference; lastKnownFileType = sourcecode.swift; path = "String+NSAttributedString.swift"; sourceTree = "<group>"; };
		A6281B0D1FD2D76800543611 /* LabelScreen.swift */ = {isa = PBXFileReference; lastKnownFileType = sourcecode.swift; path = LabelScreen.swift; sourceTree = "<group>"; };
		A6281B0F1FD2D94000543611 /* MockHTMLText.swift */ = {isa = PBXFileReference; lastKnownFileType = sourcecode.swift; path = MockHTMLText.swift; sourceTree = "<group>"; };
/* End PBXFileReference section */

/* Begin PBXFrameworksBuildPhase section */
		A6281AF31FD2D04A00543611 /* Frameworks */ = {
			isa = PBXFrameworksBuildPhase;
			buildActionMask = 2147483647;
			files = (
				4425FC3338959C38F8D071A0 /* Pods_NSAttributedString_Example.framework in Frameworks */,
			);
			runOnlyForDeploymentPostprocessing = 0;
		};
/* End PBXFrameworksBuildPhase section */

/* Begin PBXGroup section */
		8433316FF1FE8E948DB373AC /* Pods */ = {
			isa = PBXGroup;
			children = (
				3DB6978B4DBC2AA131FD80B5 /* Pods-NSAttributedString Example.debug.xcconfig */,
				0793BD51EA864376B77E7071 /* Pods-NSAttributedString Example.release.xcconfig */,
			);
			name = Pods;
			sourceTree = "<group>";
		};
		99C5AC50B048DC701413B8DE /* Frameworks */ = {
			isa = PBXGroup;
			children = (
				81EB4B5D584CD2488A03F05A /* Pods_NSAttributedString_Example.framework */,
			);
			name = Frameworks;
			sourceTree = "<group>";
		};
		A6281AED1FD2D04A00543611 = {
			isa = PBXGroup;
			children = (
				A6281AF81FD2D04A00543611 /* NSAttributedString Example */,
				A6281AF71FD2D04A00543611 /* Products */,
				8433316FF1FE8E948DB373AC /* Pods */,
				99C5AC50B048DC701413B8DE /* Frameworks */,
			);
			sourceTree = "<group>";
		};
		A6281AF71FD2D04A00543611 /* Products */ = {
			isa = PBXGroup;
			children = (
				A6281AF61FD2D04A00543611 /* NSAttributedString Example.app */,
			);
			name = Products;
			sourceTree = "<group>";
		};
		A6281AF81FD2D04A00543611 /* NSAttributedString Example */ = {
			isa = PBXGroup;
			children = (
				A6281AF91FD2D04A00543611 /* AppDelegate.swift */,
				A6281AFB1FD2D04A00543611 /* ViewController.swift */,
				A6281AFD1FD2D04A00543611 /* Main.storyboard */,
				A6281B001FD2D04A00543611 /* Assets.xcassets */,
				A6281B021FD2D04A00543611 /* LaunchScreen.storyboard */,
				A6281B051FD2D04A00543611 /* Info.plist */,
				A6281B0B1FD2D0AD00543611 /* String+NSAttributedString.swift */,
				A6281B0D1FD2D76800543611 /* LabelScreen.swift */,
				A6281B0F1FD2D94000543611 /* MockHTMLText.swift */,
			);
			path = "NSAttributedString Example";
			sourceTree = "<group>";
		};
/* End PBXGroup section */

/* Begin PBXNativeTarget section */
		A6281AF51FD2D04A00543611 /* NSAttributedString Example */ = {
			isa = PBXNativeTarget;
			buildConfigurationList = A6281B081FD2D04A00543611 /* Build configuration list for PBXNativeTarget "NSAttributedString Example" */;
			buildPhases = (
				099A8C5BDE51127F5C7C4642 /* [CP] Check Pods Manifest.lock */,
				A6281AF21FD2D04A00543611 /* Sources */,
				A6281AF31FD2D04A00543611 /* Frameworks */,
				A6281AF41FD2D04A00543611 /* Resources */,
				0EFEB7FE58A93E8249E97C73 /* [CP] Embed Pods Frameworks */,
				5594EAE417E58552724E7CA2 /* [CP] Copy Pods Resources */,
			);
			buildRules = (
			);
			dependencies = (
			);
			name = "NSAttributedString Example";
			productName = "NSAttributedString Example";
			productReference = A6281AF61FD2D04A00543611 /* NSAttributedString Example.app */;
			productType = "com.apple.product-type.application";
		};
/* End PBXNativeTarget section */

/* Begin PBXProject section */
		A6281AEE1FD2D04A00543611 /* Project object */ = {
			isa = PBXProject;
			attributes = {
				LastSwiftUpdateCheck = 0910;
				LastUpgradeCheck = 0910;
				ORGANIZATIONNAME = "Niels Hoogendoorn";
				TargetAttributes = {
					A6281AF51FD2D04A00543611 = {
						CreatedOnToolsVersion = 9.1;
						ProvisioningStyle = Automatic;
					};
				};
			};
			buildConfigurationList = A6281AF11FD2D04A00543611 /* Build configuration list for PBXProject "NSAttributedString Example" */;
			compatibilityVersion = "Xcode 8.0";
			developmentRegion = en;
			hasScannedForEncodings = 0;
			knownRegions = (
				en,
				Base,
			);
			mainGroup = A6281AED1FD2D04A00543611;
			productRefGroup = A6281AF71FD2D04A00543611 /* Products */;
			projectDirPath = "";
			projectRoot = "";
			targets = (
				A6281AF51FD2D04A00543611 /* NSAttributedString Example */,
			);
		};
/* End PBXProject section */

/* Begin PBXResourcesBuildPhase section */
		A6281AF41FD2D04A00543611 /* Resources */ = {
			isa = PBXResourcesBuildPhase;
			buildActionMask = 2147483647;
			files = (
				A6281B041FD2D04A00543611 /* LaunchScreen.storyboard in Resources */,
				A6281B011FD2D04A00543611 /* Assets.xcassets in Resources */,
				A6281AFF1FD2D04A00543611 /* Main.storyboard in Resources */,
			);
			runOnlyForDeploymentPostprocessing = 0;
		};
/* End PBXResourcesBuildPhase section */

/* Begin PBXShellScriptBuildPhase section */
		099A8C5BDE51127F5C7C4642 /* [CP] Check Pods Manifest.lock */ = {
			isa = PBXShellScriptBuildPhase;
			buildActionMask = 2147483647;
			files = (
			);
			inputPaths = (
				"${PODS_PODFILE_DIR_PATH}/Podfile.lock",
				"${PODS_ROOT}/Manifest.lock",
			);
			name = "[CP] Check Pods Manifest.lock";
			outputPaths = (
				"$(DERIVED_FILE_DIR)/Pods-NSAttributedString Example-checkManifestLockResult.txt",
			);
			runOnlyForDeploymentPostprocessing = 0;
			shellPath = /bin/sh;
			shellScript = "diff \"${PODS_PODFILE_DIR_PATH}/Podfile.lock\" \"${PODS_ROOT}/Manifest.lock\" > /dev/null\nif [ $? != 0 ] ; then\n    # print error to STDERR\n    echo \"error: The sandbox is not in sync with the Podfile.lock. Run 'pod install' or update your CocoaPods installation.\" >&2\n    exit 1\nfi\n# This output is used by Xcode 'outputs' to avoid re-running this script phase.\necho \"SUCCESS\" > \"${SCRIPT_OUTPUT_FILE_0}\"\n";
			showEnvVarsInLog = 0;
		};
		0EFEB7FE58A93E8249E97C73 /* [CP] Embed Pods Frameworks */ = {
			isa = PBXShellScriptBuildPhase;
			buildActionMask = 2147483647;
			files = (
			);
			inputPaths = (
				"${SRCROOT}/Pods/Target Support Files/Pods-NSAttributedString Example/Pods-NSAttributedString Example-frameworks.sh",
				"${BUILT_PRODUCTS_DIR}/ZSWTappableLabel/ZSWTappableLabel.framework",
			);
			name = "[CP] Embed Pods Frameworks";
			outputPaths = (
				"${TARGET_BUILD_DIR}/${FRAMEWORKS_FOLDER_PATH}/ZSWTappableLabel.framework",
			);
			runOnlyForDeploymentPostprocessing = 0;
			shellPath = /bin/sh;
			shellScript = "\"${SRCROOT}/Pods/Target Support Files/Pods-NSAttributedString Example/Pods-NSAttributedString Example-frameworks.sh\"\n";
			showEnvVarsInLog = 0;
		};
		5594EAE417E58552724E7CA2 /* [CP] Copy Pods Resources */ = {
			isa = PBXShellScriptBuildPhase;
			buildActionMask = 2147483647;
			files = (
			);
			inputPaths = (
			);
			name = "[CP] Copy Pods Resources";
			outputPaths = (
			);
			runOnlyForDeploymentPostprocessing = 0;
			shellPath = /bin/sh;
			shellScript = "\"${SRCROOT}/Pods/Target Support Files/Pods-NSAttributedString Example/Pods-NSAttributedString Example-resources.sh\"\n";
			showEnvVarsInLog = 0;
		};
/* End PBXShellScriptBuildPhase section */

/* Begin PBXSourcesBuildPhase section */
		A6281AF21FD2D04A00543611 /* Sources */ = {
			isa = PBXSourcesBuildPhase;
			buildActionMask = 2147483647;
			files = (
				A6281B0E1FD2D76800543611 /* LabelScreen.swift in Sources */,
				A6281AFC1FD2D04A00543611 /* ViewController.swift in Sources */,
				A6281B0C1FD2D0AD00543611 /* String+NSAttributedString.swift in Sources */,
				A6281AFA1FD2D04A00543611 /* AppDelegate.swift in Sources */,
				A6281B101FD2D94000543611 /* MockHTMLText.swift in Sources */,
			);
			runOnlyForDeploymentPostprocessing = 0;
		};
/* End PBXSourcesBuildPhase section */

/* Begin PBXVariantGroup section */
		A6281AFD1FD2D04A00543611 /* Main.storyboard */ = {
			isa = PBXVariantGroup;
			children = (
				A6281AFE1FD2D04A00543611 /* Base */,
			);
			name = Main.storyboard;
			sourceTree = "<group>";
		};
		A6281B021FD2D04A00543611 /* LaunchScreen.storyboard */ = {
			isa = PBXVariantGroup;
			children = (
				A6281B031FD2D04A00543611 /* Base */,
			);
			name = LaunchScreen.storyboard;
			sourceTree = "<group>";
		};
/* End PBXVariantGroup section */

/* Begin XCBuildConfiguration section */
		A6281B061FD2D04A00543611 /* Debug */ = {
			isa = XCBuildConfiguration;
			buildSettings = {
				ALWAYS_SEARCH_USER_PATHS = NO;
				CLANG_ANALYZER_NONNULL = YES;
				CLANG_ANALYZER_NUMBER_OBJECT_CONVERSION = YES_AGGRESSIVE;
				CLANG_CXX_LANGUAGE_STANDARD = "gnu++14";
				CLANG_CXX_LIBRARY = "libc++";
				CLANG_ENABLE_MODULES = YES;
				CLANG_ENABLE_OBJC_ARC = YES;
				CLANG_WARN_BLOCK_CAPTURE_AUTORELEASING = YES;
				CLANG_WARN_BOOL_CONVERSION = YES;
				CLANG_WARN_COMMA = YES;
				CLANG_WARN_CONSTANT_CONVERSION = YES;
				CLANG_WARN_DIRECT_OBJC_ISA_USAGE = YES_ERROR;
				CLANG_WARN_DOCUMENTATION_COMMENTS = YES;
				CLANG_WARN_EMPTY_BODY = YES;
				CLANG_WARN_ENUM_CONVERSION = YES;
				CLANG_WARN_INFINITE_RECURSION = YES;
				CLANG_WARN_INT_CONVERSION = YES;
				CLANG_WARN_NON_LITERAL_NULL_CONVERSION = YES;
				CLANG_WARN_OBJC_LITERAL_CONVERSION = YES;
				CLANG_WARN_OBJC_ROOT_CLASS = YES_ERROR;
				CLANG_WARN_RANGE_LOOP_ANALYSIS = YES;
				CLANG_WARN_STRICT_PROTOTYPES = YES;
				CLANG_WARN_SUSPICIOUS_MOVE = YES;
				CLANG_WARN_UNGUARDED_AVAILABILITY = YES_AGGRESSIVE;
				CLANG_WARN_UNREACHABLE_CODE = YES;
				CLANG_WARN__DUPLICATE_METHOD_MATCH = YES;
				CODE_SIGN_IDENTITY = "iPhone Developer";
				COPY_PHASE_STRIP = NO;
				DEBUG_INFORMATION_FORMAT = dwarf;
				ENABLE_STRICT_OBJC_MSGSEND = YES;
				ENABLE_TESTABILITY = YES;
				FRAMEWORK_SEARCH_PATHS = "$(SRCROOT)/**";
				GCC_C_LANGUAGE_STANDARD = gnu11;
				GCC_DYNAMIC_NO_PIC = NO;
				GCC_NO_COMMON_BLOCKS = YES;
				GCC_OPTIMIZATION_LEVEL = 0;
				GCC_PREPROCESSOR_DEFINITIONS = (
					"DEBUG=1",
					"$(inherited)",
				);
				GCC_WARN_64_TO_32_BIT_CONVERSION = YES;
				GCC_WARN_ABOUT_RETURN_TYPE = YES_ERROR;
				GCC_WARN_UNDECLARED_SELECTOR = YES;
				GCC_WARN_UNINITIALIZED_AUTOS = YES_AGGRESSIVE;
				GCC_WARN_UNUSED_FUNCTION = YES;
				GCC_WARN_UNUSED_VARIABLE = YES;
				IPHONEOS_DEPLOYMENT_TARGET = 11.1;
				MTL_ENABLE_DEBUG_INFO = YES;
				ONLY_ACTIVE_ARCH = YES;
				SDKROOT = iphoneos;
				SWIFT_ACTIVE_COMPILATION_CONDITIONS = DEBUG;
				SWIFT_OPTIMIZATION_LEVEL = "-Onone";
			};
			name = Debug;
		};
		A6281B071FD2D04A00543611 /* Release */ = {
			isa = XCBuildConfiguration;
			buildSettings = {
				ALWAYS_SEARCH_USER_PATHS = NO;
				CLANG_ANALYZER_NONNULL = YES;
				CLANG_ANALYZER_NUMBER_OBJECT_CONVERSION = YES_AGGRESSIVE;
				CLANG_CXX_LANGUAGE_STANDARD = "gnu++14";
				CLANG_CXX_LIBRARY = "libc++";
				CLANG_ENABLE_MODULES = YES;
				CLANG_ENABLE_OBJC_ARC = YES;
				CLANG_WARN_BLOCK_CAPTURE_AUTORELEASING = YES;
				CLANG_WARN_BOOL_CONVERSION = YES;
				CLANG_WARN_COMMA = YES;
				CLANG_WARN_CONSTANT_CONVERSION = YES;
				CLANG_WARN_DIRECT_OBJC_ISA_USAGE = YES_ERROR;
				CLANG_WARN_DOCUMENTATION_COMMENTS = YES;
				CLANG_WARN_EMPTY_BODY = YES;
				CLANG_WARN_ENUM_CONVERSION = YES;
				CLANG_WARN_INFINITE_RECURSION = YES;
				CLANG_WARN_INT_CONVERSION = YES;
				CLANG_WARN_NON_LITERAL_NULL_CONVERSION = YES;
				CLANG_WARN_OBJC_LITERAL_CONVERSION = YES;
				CLANG_WARN_OBJC_ROOT_CLASS = YES_ERROR;
				CLANG_WARN_RANGE_LOOP_ANALYSIS = YES;
				CLANG_WARN_STRICT_PROTOTYPES = YES;
				CLANG_WARN_SUSPICIOUS_MOVE = YES;
				CLANG_WARN_UNGUARDED_AVAILABILITY = YES_AGGRESSIVE;
				CLANG_WARN_UNREACHABLE_CODE = YES;
				CLANG_WARN__DUPLICATE_METHOD_MATCH = YES;
				CODE_SIGN_IDENTITY = "iPhone Developer";
				COPY_PHASE_STRIP = NO;
				DEBUG_INFORMATION_FORMAT = "dwarf-with-dsym";
				ENABLE_NS_ASSERTIONS = NO;
				ENABLE_STRICT_OBJC_MSGSEND = YES;
				FRAMEWORK_SEARCH_PATHS = "$(SRCROOT)/**";
				GCC_C_LANGUAGE_STANDARD = gnu11;
				GCC_NO_COMMON_BLOCKS = YES;
				GCC_WARN_64_TO_32_BIT_CONVERSION = YES;
				GCC_WARN_ABOUT_RETURN_TYPE = YES_ERROR;
				GCC_WARN_UNDECLARED_SELECTOR = YES;
				GCC_WARN_UNINITIALIZED_AUTOS = YES_AGGRESSIVE;
				GCC_WARN_UNUSED_FUNCTION = YES;
				GCC_WARN_UNUSED_VARIABLE = YES;
				IPHONEOS_DEPLOYMENT_TARGET = 11.1;
				MTL_ENABLE_DEBUG_INFO = NO;
				SDKROOT = iphoneos;
				SWIFT_OPTIMIZATION_LEVEL = "-Owholemodule";
				VALIDATE_PRODUCT = YES;
			};
			name = Release;
		};
		A6281B091FD2D04A00543611 /* Debug */ = {
			isa = XCBuildConfiguration;
			baseConfigurationReference = 3DB6978B4DBC2AA131FD80B5 /* Pods-NSAttributedString Example.debug.xcconfig */;
			buildSettings = {
				ASSETCATALOG_COMPILER_APPICON_NAME = AppIcon;
				CODE_SIGN_STYLE = Automatic;
				DEVELOPMENT_TEAM = 2G429TK35T;
				INFOPLIST_FILE = "NSAttributedString Example/Info.plist";
				IPHONEOS_DEPLOYMENT_TARGET = 10.0;
				LD_RUNPATH_SEARCH_PATHS = "$(inherited) @executable_path/Frameworks";
				PRODUCT_BUNDLE_IDENTIFIER = "marvin.NSAttributedString-Example";
				PRODUCT_NAME = "$(TARGET_NAME)";
				SWIFT_VERSION = 4.0;
				TARGETED_DEVICE_FAMILY = 1;
			};
			name = Debug;
		};
		A6281B0A1FD2D04A00543611 /* Release */ = {
			isa = XCBuildConfiguration;
			baseConfigurationReference = 0793BD51EA864376B77E7071 /* Pods-NSAttributedString Example.release.xcconfig */;
			buildSettings = {
				ASSETCATALOG_COMPILER_APPICON_NAME = AppIcon;
				CODE_SIGN_STYLE = Automatic;
				DEVELOPMENT_TEAM = 2G429TK35T;
				INFOPLIST_FILE = "NSAttributedString Example/Info.plist";
				IPHONEOS_DEPLOYMENT_TARGET = 10.0;
				LD_RUNPATH_SEARCH_PATHS = "$(inherited) @executable_path/Frameworks";
				PRODUCT_BUNDLE_IDENTIFIER = "marvin.NSAttributedString-Example";
				PRODUCT_NAME = "$(TARGET_NAME)";
				SWIFT_VERSION = 4.0;
				TARGETED_DEVICE_FAMILY = 1;
			};
			name = Release;
		};
/* End XCBuildConfiguration section */

/* Begin XCConfigurationList section */
		A6281AF11FD2D04A00543611 /* Build configuration list for PBXProject "NSAttributedString Example" */ = {
			isa = XCConfigurationList;
			buildConfigurations = (
				A6281B061FD2D04A00543611 /* Debug */,
				A6281B071FD2D04A00543611 /* Release */,
			);
			defaultConfigurationIsVisible = 0;
			defaultConfigurationName = Release;
		};
		A6281B081FD2D04A00543611 /* Build configuration list for PBXNativeTarget "NSAttributedString Example" */ = {
			isa = XCConfigurationList;
			buildConfigurations = (
				A6281B091FD2D04A00543611 /* Debug */,
				A6281B0A1FD2D04A00543611 /* Release */,
			);
			defaultConfigurationIsVisible = 0;
			defaultConfigurationName = Release;
		};
/* End XCConfigurationList section */
	};
	rootObject = A6281AEE1FD2D04A00543611 /* Project object */;
}
